
Microsoft Visual Studio Solution File, Format Version 12.00
# Visual Studio Version 16
VisualStudioVersion = 16.0.30717.126
MinimumVisualStudioVersion = 10.0.40219.1
Project("{9A19103F-16F7-4668-BE54-9A1E7A4F7556}") = "Wind.Models", "Wind.Models\Wind.Models.csproj", "{91A308FF-82B4-4684-BAAA-7A357B9A8F51}"
EndProject
Project("{9A19103F-16F7-4668-BE54-9A1E7A4F7556}") = "Wind.Models.Test", "Wind.Models.Test\Wind.Models.Test.csproj", "{343218EB-2B02-4066-8A43-786A7F112BEA}"
EndProject
Project("{FAE04EC0-301F-11D3-BF4B-00C04F79EFBC}") = "Wind.Forms", "Wind.Forms\Wind.Forms.csproj", "{1677BF4D-3FD5-4FD7-81D5-1D920CEEAB03}"
EndProject
Project("{2150E333-8FDC-42A3-9474-1A3956D46DE8}") = "Levels", "Levels", "{766BA013-E95C-4A18-A890-CB4AFA10DF65}"
EndProject
Project("{2150E333-8FDC-42A3-9474-1A3956D46DE8}") = "Images", "Images", "{DC62E9AD-FD90-4F7C-88A6-B0AE76A4E42E}"
	ProjectSection(SolutionItems) = preProject
		..\..\..\..\Users\moise\Desktop\gameObjects\End.png = ..\..\..\..\Users\moise\Desktop\gameObjects\End.png
		..\..\..\..\Users\moise\Desktop\gameObjects\FanFirstSpeed.png = ..\..\..\..\Users\moise\Desktop\gameObjects\FanFirstSpeed.png
		..\..\..\..\Users\moise\Desktop\gameObjects\FanSecondSpeed.png = ..\..\..\..\Users\moise\Desktop\gameObjects\FanSecondSpeed.png
		..\..\..\..\Users\moise\Desktop\gameObjects\FlyingObject.png = ..\..\..\..\Users\moise\Desktop\gameObjects\FlyingObject.png
		..\..\..\..\Users\moise\Desktop\gameObjects\Terrain.png = ..\..\..\..\Users\moise\Desktop\gameObjects\Terrain.png
	EndProjectSection
EndProject
Global
	GlobalSection(SolutionConfigurationPlatforms) = preSolution
		Debug|Any CPU = Debug|Any CPU
		Release|Any CPU = Release|Any CPU
	EndGlobalSection
	GlobalSection(ProjectConfigurationPlatforms) = postSolution
		{91A308FF-82B4-4684-BAAA-7A357B9A8F51}.Debug|Any CPU.ActiveCfg = Debug|Any CPU
		{91A308FF-82B4-4684-BAAA-7A357B9A8F51}.Debug|Any CPU.Build.0 = Debug|Any CPU
		{91A308FF-82B4-4684-BAAA-7A357B9A8F51}.Release|Any CPU.ActiveCfg = Release|Any CPU
		{91A308FF-82B4-4684-BAAA-7A357B9A8F51}.Release|Any CPU.Build.0 = Release|Any CPU
		{343218EB-2B02-4066-8A43-786A7F112BEA}.Debug|Any CPU.ActiveCfg = Debug|Any CPU
		{343218EB-2B02-4066-8A43-786A7F112BEA}.Debug|Any CPU.Build.0 = Debug|Any CPU
		{343218EB-2B02-4066-8A43-786A7F112BEA}.Release|Any CPU.ActiveCfg = Release|Any CPU
		{343218EB-2B02-4066-8A43-786A7F112BEA}.Release|Any CPU.Build.0 = Release|Any CPU
		{1677BF4D-3FD5-4FD7-81D5-1D920CEEAB03}.Debug|Any CPU.ActiveCfg = Debug|Any CPU
		{1677BF4D-3FD5-4FD7-81D5-1D920CEEAB03}.Debug|Any CPU.Build.0 = Debug|Any CPU
		{1677BF4D-3FD5-4FD7-81D5-1D920CEEAB03}.Release|Any CPU.ActiveCfg = Release|Any CPU
		{1677BF4D-3FD5-4FD7-81D5-1D920CEEAB03}.Release|Any CPU.Build.0 = Release|Any CPU
	EndGlobalSection
	GlobalSection(SolutionProperties) = preSolution
		HideSolutionNode = FALSE
	EndGlobalSection
	GlobalSection(ExtensibilityGlobals) = postSolution
		SolutionGuid = {BF6BEB57-E3A9-40A2-B89A-2CDCC9343F66}
	EndGlobalSection
EndGlobal
